# THIS IS AN AUTOGENERATED FILE. DO NOT EDIT THIS FILE DIRECTLY.
# yarn lockfile v1


async-limiter@~1.0.0:
  version "1.0.1"
  resolved "https://registry.yarnpkg.com/async-limiter/-/async-limiter-1.0.1.tgz#dd379e94f0db8310b08291f9d64c3209766617fd"
  integrity sha512-csOlWGAcRFJaI6m+F2WKdnMKr4HhdhFVBk0H/QbJFMCr+uO2kwohwXQPxw/9OCxp05r5ghVBFSyioixx3gfkNQ==

isomorphic.js@^0.1.3:
  version "0.1.3"
  resolved "https://registry.yarnpkg.com/isomorphic.js/-/isomorphic.js-0.1.3.tgz#b2956e14be3bc10efb5fe80e6b5bebc16e1deeca"
  integrity sha512-pabBRLDwYefSsNS+qCazJ97o7P5xDTrNoxSYFTM09JlZTxPrOEPGKekwqUy3/Np4C4PHnVUXHYsZPOix0jELsA==

lib0@^0.2.20, lib0@^0.2.22, lib0@^0.2.26:
  version "0.2.26"
  resolved "https://registry.yarnpkg.com/lib0/-/lib0-0.2.26.tgz#2a016b2c13b40b08a81351fe47d2f371ab44b63a"
  integrity sha512-DTf0VmFNi/eT+3Q+6rNHYdIAx69ROpvQkpnplpDoErW8NeRwjPwoIKjCF3rKebsMrQoxH4tFD1bvMQb4CUzcFg==
  dependencies:
    isomorphic.js "^0.1.3"

ws@^6.2.1:
  version "6.2.1"
  resolved "https://registry.yarnpkg.com/ws/-/ws-6.2.1.tgz#442fdf0a47ed64f59b6a5d8ff130f4748ed524fb"
  integrity sha512-GIyAXC2cB7LjvpgMt9EKS2ldqr0MTrORaleiOno6TweZ6r3TKtoFQWay/2PceJ3RuBasOHzXNn5Lrw1X0bEjqA==
  dependencies:
    async-limiter "~1.0.0"

y-protocols@^0.2.3:
  version "0.2.3"
  resolved "https://registry.yarnpkg.com/y-protocols/-/y-protocols-0.2.3.tgz#7782ce4f077bf8bd71cf50bf7bdee5218f3182d3"
  integrity sha512-mJ838iW7XgMQqlv+9DtH7QyLqflZoy/VvaUWRIpwawee4mQiFJcEXazCmSYUHEbXIUuVNNc70FnuNSMWDC5vKQ==
  dependencies:
    lib0 "^0.2.20"

y-websocket@^1.2.5:
  version "1.2.5"
  resolved "https://registry.yarnpkg.com/y-websocket/-/y-websocket-1.2.5.tgz#6b708c37ab2f05db85a62e327e8436a7c5999c14"
  integrity sha512-Q8dcUrP7tZvfODPP/6cZ90lE+U3ucAUIBfPHwLtUov2WynDAqm/fc9fiARd5URYRk55m+edNkAhmwhkFNhbhFQ==
  dependencies:
    lib0 "^0.2.22"
    y-protocols "^0.2.3"
  optionalDependencies:
    ws "^6.2.1"

yjs@^13.0.8:
  version "13.0.8"
  resolved "https://registry.yarnpkg.com/yjs/-/yjs-13.0.8.tgz#d78b322c018d9256d4d48c616f63689896c16a95"
  integrity sha512-5jqQOnYgMQ5XpZElxdSAUPeNEHZIvP2PS3jClw0Gfnrn6Pp87Qpu4grnjH++dV1NkyBX8pc59sPqSyGt3UXmNw==
  dependencies:
    lib0 "^0.2.26"
